
Microsoft Visual Studio Solution File, Format Version 12.00
# Visual Studio Version 17
VisualStudioVersion = 17.9.34728.123
MinimumVisualStudioVersion = 10.0.40219.1
Project("{FAE04EC0-301F-11D3-BF4B-00C04F79EFBC}") = "Talabat.APIS", "Talabat.APIS\Talabat.APIS.csproj", "{57929EEF-1884-4862-9E0D-B9A7D902C6C0}"
EndProject
Project("{FAE04EC0-301F-11D3-BF4B-00C04F79EFBC}") = "Talabat.Core", "Talabat.Core\Talabat.Core.csproj", "{F6952428-5717-4633-BB39-A2BFC6570B8C}"
EndProject
Project("{FAE04EC0-301F-11D3-BF4B-00C04F79EFBC}") = "Talabat.Repository", "Talabat.Repository\Talabat.Repository.csproj", "{9CD470EC-018F-49D2-89D1-9D7FB8FD2C4F}"
EndProject
Project("{FAE04EC0-301F-11D3-BF4B-00C04F79EFBC}") = "Talabat.Services", "Talabat.Services\Talabat.Services.csproj", "{B909534E-2555-4551-B44F-8C7DC0958BFC}"
EndProject
Global
	GlobalSection(SolutionConfigurationPlatforms) = preSolution
		Debug|Any CPU = Debug|Any CPU
		Release|Any CPU = Release|Any CPU
	EndGlobalSection
	GlobalSection(ProjectConfigurationPlatforms) = postSolution
		{57929EEF-1884-4862-9E0D-B9A7D902C6C0}.Debug|Any CPU.ActiveCfg = Debug|Any CPU
		{57929EEF-1884-4862-9E0D-B9A7D902C6C0}.Debug|Any CPU.Build.0 = Debug|Any CPU
		{57929EEF-1884-4862-9E0D-B9A7D902C6C0}.Release|Any CPU.ActiveCfg = Release|Any CPU
		{57929EEF-1884-4862-9E0D-B9A7D902C6C0}.Release|Any CPU.Build.0 = Release|Any CPU
		{F6952428-5717-4633-BB39-A2BFC6570B8C}.Debug|Any CPU.ActiveCfg = Debug|Any CPU
		{F6952428-5717-4633-BB39-A2BFC6570B8C}.Debug|Any CPU.Build.0 = Debug|Any CPU
		{F6952428-5717-4633-BB39-A2BFC6570B8C}.Release|Any CPU.ActiveCfg = Release|Any CPU
		{F6952428-5717-4633-BB39-A2BFC6570B8C}.Release|Any CPU.Build.0 = Release|Any CPU
		{9CD470EC-018F-49D2-89D1-9D7FB8FD2C4F}.Debug|Any CPU.ActiveCfg = Debug|Any CPU
		{9CD470EC-018F-49D2-89D1-9D7FB8FD2C4F}.Debug|Any CPU.Build.0 = Debug|Any CPU
		{9CD470EC-018F-49D2-89D1-9D7FB8FD2C4F}.Release|Any CPU.ActiveCfg = Release|Any CPU
		{9CD470EC-018F-49D2-89D1-9D7FB8FD2C4F}.Release|Any CPU.Build.0 = Release|Any CPU
		{B909534E-2555-4551-B44F-8C7DC0958BFC}.Debug|Any CPU.ActiveCfg = Debug|Any CPU
		{B909534E-2555-4551-B44F-8C7DC0958BFC}.Debug|Any CPU.Build.0 = Debug|Any CPU
		{B909534E-2555-4551-B44F-8C7DC0958BFC}.Release|Any CPU.ActiveCfg = Release|Any CPU
		{B909534E-2555-4551-B44F-8C7DC0958BFC}.Release|Any CPU.Build.0 = Release|Any CPU
	EndGlobalSection
	GlobalSection(SolutionProperties) = preSolution
		HideSolutionNode = FALSE
	EndGlobalSection
	GlobalSection(ExtensibilityGlobals) = postSolution
		SolutionGuid = {D292B89C-5F9E-4000-AE05-C9FA576A935E}
	EndGlobalSection
EndGlobal
